
Microsoft Visual Studio Solution File, Format Version 12.00
# Visual Studio Version 16
VisualStudioVersion = 16.0.31205.134
MinimumVisualStudioVersion = 10.0.40219.1
Project("{FAE04EC0-301F-11D3-BF4B-00C04F79EFBC}") = "Connect", "Connect\Connect.csproj", "{AD553144-5EDD-4B30-8835-8317B84EB75E}"
EndProject
Global
	GlobalSection(SolutionConfigurationPlatforms) = preSolution
		Debug|Any CPU = Debug|Any CPU
		Release|Any CPU = Release|Any CPU
	EndGlobalSection
	GlobalSection(ProjectConfigurationPlatforms) = postSolution
		{AD553144-5EDD-4B30-8835-8317B84EB75E}.Debug|Any CPU.ActiveCfg = Debug|Any CPU
		{AD553144-5EDD-4B30-8835-8317B84EB75E}.Debug|Any CPU.Build.0 = Debug|Any CPU
		{AD553144-5EDD-4B30-8835-8317B84EB75E}.Release|Any CPU.ActiveCfg = Release|Any CPU
		{AD553144-5EDD-4B30-8835-8317B84EB75E}.Release|Any CPU.Build.0 = Release|Any CPU
	EndGlobalSection
	GlobalSection(SolutionProperties) = preSolution
		HideSolutionNode = FALSE
	EndGlobalSection
	GlobalSection(ExtensibilityGlobals) = postSolution
		SolutionGuid = {7C61F033-7DD9-409E-9411-41443528D1DD}
	EndGlobalSection
EndGlobal
